
Microsoft Visual Studio Solution File, Format Version 12.00
# Visual Studio Version 17
VisualStudioVersion = 17.14.36203.30 d17.14
MinimumVisualStudioVersion = 10.0.40219.1
Project("{FAE04EC0-301F-11D3-BF4B-00C04F79EFBC}") = "Hypotenuse", "Hypotenuse.csproj", "{AF0FF6AF-484B-4750-828F-5441471641CA}"
EndProject
Global
	GlobalSection(SolutionConfigurationPlatforms) = preSolution
		Debug|Any CPU = Debug|Any CPU
		Release|Any CPU = Release|Any CPU
	EndGlobalSection
	GlobalSection(ProjectConfigurationPlatforms) = postSolution
		{AF0FF6AF-484B-4750-828F-5441471641CA}.Debug|Any CPU.ActiveCfg = Debug|Any CPU
		{AF0FF6AF-484B-4750-828F-5441471641CA}.Debug|Any CPU.Build.0 = Debug|Any CPU
		{AF0FF6AF-484B-4750-828F-5441471641CA}.Release|Any CPU.ActiveCfg = Release|Any CPU
		{AF0FF6AF-484B-4750-828F-5441471641CA}.Release|Any CPU.Build.0 = Release|Any CPU
	EndGlobalSection
	GlobalSection(SolutionProperties) = preSolution
		HideSolutionNode = FALSE
	EndGlobalSection
	GlobalSection(ExtensibilityGlobals) = postSolution
		SolutionGuid = {F990F0E0-5935-45C6-B958-26FD800C383F}
	EndGlobalSection
EndGlobal
